
Microsoft Visual Studio Solution File, Format Version 12.00
# Visual Studio 14
VisualStudioVersion = 14.0.24720.0
MinimumVisualStudioVersion = 10.0.40219.1
Project("{8BC9CEB8-8B4A-11D0-8D11-00A0C91BC942}") = "EmailBackEnd", "emailBackEnd\emailBackEnd.vcxproj", "{D9A6FCE3-7B5E-4A00-8774-E529FB2E47D2}"
EndProject
Project("{8BC9CEB8-8B4A-11D0-8D11-00A0C91BC942}") = "NamingBackEnd", "Enhanced NamingBackEnd\EnhancedNamingBackEnd.vcxproj", "{73BD8BE3-82A7-474B-992C-938587185622}"
EndProject
Project("{8BC9CEB8-8B4A-11D0-8D11-00A0C91BC942}") = "Replicator", "Enhanced Replicator\EnhancedReplicator.vcxproj", "{54CA1A0A-1CC7-44EC-B484-8D537A855894}"
EndProject
Project("{8BC9CEB8-8B4A-11D0-8D11-00A0C91BC942}") = "SpreadsheetBackEnd", "Enhanced SpreadsheetBackEnd\EnhancedSpreadsheetBackEnd.vcxproj", "{C16C4DF5-7197-4207-93C0-82A718159870}"
EndProject
Project("{8BC9CEB8-8B4A-11D0-8D11-00A0C91BC942}") = "ForwardToReceptor", "ForwardToReceptor\forwardToReceptor.vcxproj", "{9FF4888E-978D-4368-A363-CF121A6521E0}"
EndProject
Project("{8BC9CEB8-8B4A-11D0-8D11-00A0C91BC942}") = "ftpBackEnd", "ftpBackEnd\ftpBackEnd.vcxproj", "{9278A3C5-0EA1-4D00-94DF-B22258CA07FE}"
EndProject
Project("{8BC9CEB8-8B4A-11D0-8D11-00A0C91BC942}") = "GenericBackEnd", "GenericBackEnd\GenericBackEnd.vcxproj", "{1A851C53-B4D8-4B7C-B9C0-3D299A832FA0}"
EndProject
Project("{8BC9CEB8-8B4A-11D0-8D11-00A0C91BC942}") = "ImagingBackEnd", "ImagingBackEnd\ImagingBackEnd.vcxproj", "{BF309E97-4AF6-4987-B4F1-03677FE872E3}"
EndProject
Project("{8BC9CEB8-8B4A-11D0-8D11-00A0C91BC942}") = "PrintingBackEnd", "PrintingBackEnd\PrintingBackEnd.vcxproj", "{21125DA6-FAFC-48F8-8BA5-54B4A58AFDB5}"
EndProject
Project("{8BC9CEB8-8B4A-11D0-8D11-00A0C91BC942}") = "TWAIN ImagingBackEnd", "TWAIN Imaging Back End\TWAINImagingBackEnd.vcxproj", "{5B1E25BB-633C-4E17-A327-25583B646B4F}"
EndProject
Project("{8BC9CEB8-8B4A-11D0-8D11-00A0C91BC942}") = "VideoBackEnd", "VideoBackEnd\VideoBackEnd.vcxproj", "{C8174451-4125-4A8E-AC5D-E336FD40BD42}"
EndProject
Global
	GlobalSection(SolutionConfigurationPlatforms) = preSolution
		Debug|Win32 = Debug|Win32
		Debug|x64 = Debug|x64
		Evaluation|Win32 = Evaluation|Win32
		Evaluation|x64 = Evaluation|x64
		Non-LCD Pads Release|Win32 = Non-LCD Pads Release|Win32
		Non-LCD Pads Release|x64 = Non-LCD Pads Release|x64
		Release|Win32 = Release|Win32
		Release|x64 = Release|x64
	EndGlobalSection
	GlobalSection(ProjectConfigurationPlatforms) = postSolution
		{D9A6FCE3-7B5E-4A00-8774-E529FB2E47D2}.Debug|Win32.ActiveCfg = Debug|Win32
		{D9A6FCE3-7B5E-4A00-8774-E529FB2E47D2}.Debug|Win32.Build.0 = Debug|Win32
		{D9A6FCE3-7B5E-4A00-8774-E529FB2E47D2}.Debug|x64.ActiveCfg = Debug|x64
		{D9A6FCE3-7B5E-4A00-8774-E529FB2E47D2}.Debug|x64.Build.0 = Debug|x64
		{D9A6FCE3-7B5E-4A00-8774-E529FB2E47D2}.Evaluation|Win32.ActiveCfg = Release|Win32
		{D9A6FCE3-7B5E-4A00-8774-E529FB2E47D2}.Evaluation|Win32.Build.0 = Release|Win32
		{D9A6FCE3-7B5E-4A00-8774-E529FB2E47D2}.Evaluation|x64.ActiveCfg = Release|x64
		{D9A6FCE3-7B5E-4A00-8774-E529FB2E47D2}.Evaluation|x64.Build.0 = Release|x64
		{D9A6FCE3-7B5E-4A00-8774-E529FB2E47D2}.Non-LCD Pads Release|Win32.ActiveCfg = Release|Win32
		{D9A6FCE3-7B5E-4A00-8774-E529FB2E47D2}.Non-LCD Pads Release|Win32.Build.0 = Release|Win32
		{D9A6FCE3-7B5E-4A00-8774-E529FB2E47D2}.Non-LCD Pads Release|x64.ActiveCfg = Release|x64
		{D9A6FCE3-7B5E-4A00-8774-E529FB2E47D2}.Non-LCD Pads Release|x64.Build.0 = Release|x64
		{D9A6FCE3-7B5E-4A00-8774-E529FB2E47D2}.Release|Win32.ActiveCfg = Release|Win32
		{D9A6FCE3-7B5E-4A00-8774-E529FB2E47D2}.Release|Win32.Build.0 = Release|Win32
		{D9A6FCE3-7B5E-4A00-8774-E529FB2E47D2}.Release|x64.ActiveCfg = Release|x64
		{D9A6FCE3-7B5E-4A00-8774-E529FB2E47D2}.Release|x64.Build.0 = Release|x64
		{73BD8BE3-82A7-474B-992C-938587185622}.Debug|Win32.ActiveCfg = Debug|Win32
		{73BD8BE3-82A7-474B-992C-938587185622}.Debug|Win32.Build.0 = Debug|Win32
		{73BD8BE3-82A7-474B-992C-938587185622}.Debug|x64.ActiveCfg = Debug|x64
		{73BD8BE3-82A7-474B-992C-938587185622}.Debug|x64.Build.0 = Debug|x64
		{73BD8BE3-82A7-474B-992C-938587185622}.Evaluation|Win32.ActiveCfg = Release|Win32
		{73BD8BE3-82A7-474B-992C-938587185622}.Evaluation|Win32.Build.0 = Release|Win32
		{73BD8BE3-82A7-474B-992C-938587185622}.Evaluation|x64.ActiveCfg = Release|x64
		{73BD8BE3-82A7-474B-992C-938587185622}.Evaluation|x64.Build.0 = Release|x64
		{73BD8BE3-82A7-474B-992C-938587185622}.Non-LCD Pads Release|Win32.ActiveCfg = Release|Win32
		{73BD8BE3-82A7-474B-992C-938587185622}.Non-LCD Pads Release|Win32.Build.0 = Release|Win32
		{73BD8BE3-82A7-474B-992C-938587185622}.Non-LCD Pads Release|x64.ActiveCfg = Release|x64
		{73BD8BE3-82A7-474B-992C-938587185622}.Non-LCD Pads Release|x64.Build.0 = Release|x64
		{73BD8BE3-82A7-474B-992C-938587185622}.Release|Win32.ActiveCfg = Release|Win32
		{73BD8BE3-82A7-474B-992C-938587185622}.Release|Win32.Build.0 = Release|Win32
		{73BD8BE3-82A7-474B-992C-938587185622}.Release|x64.ActiveCfg = Release|x64
		{73BD8BE3-82A7-474B-992C-938587185622}.Release|x64.Build.0 = Release|x64
		{54CA1A0A-1CC7-44EC-B484-8D537A855894}.Debug|Win32.ActiveCfg = Debug|Win32
		{54CA1A0A-1CC7-44EC-B484-8D537A855894}.Debug|Win32.Build.0 = Debug|Win32
		{54CA1A0A-1CC7-44EC-B484-8D537A855894}.Debug|x64.ActiveCfg = Debug|x64
		{54CA1A0A-1CC7-44EC-B484-8D537A855894}.Debug|x64.Build.0 = Debug|x64
		{54CA1A0A-1CC7-44EC-B484-8D537A855894}.Evaluation|Win32.ActiveCfg = Release|Win32
		{54CA1A0A-1CC7-44EC-B484-8D537A855894}.Evaluation|Win32.Build.0 = Release|Win32
		{54CA1A0A-1CC7-44EC-B484-8D537A855894}.Evaluation|x64.ActiveCfg = Release|x64
		{54CA1A0A-1CC7-44EC-B484-8D537A855894}.Evaluation|x64.Build.0 = Release|x64
		{54CA1A0A-1CC7-44EC-B484-8D537A855894}.Non-LCD Pads Release|Win32.ActiveCfg = Release|Win32
		{54CA1A0A-1CC7-44EC-B484-8D537A855894}.Non-LCD Pads Release|Win32.Build.0 = Release|Win32
		{54CA1A0A-1CC7-44EC-B484-8D537A855894}.Non-LCD Pads Release|x64.ActiveCfg = Release|x64
		{54CA1A0A-1CC7-44EC-B484-8D537A855894}.Non-LCD Pads Release|x64.Build.0 = Release|x64
		{54CA1A0A-1CC7-44EC-B484-8D537A855894}.Release|Win32.ActiveCfg = Release|Win32
		{54CA1A0A-1CC7-44EC-B484-8D537A855894}.Release|Win32.Build.0 = Release|Win32
		{54CA1A0A-1CC7-44EC-B484-8D537A855894}.Release|x64.ActiveCfg = Release|x64
		{54CA1A0A-1CC7-44EC-B484-8D537A855894}.Release|x64.Build.0 = Release|x64
		{C16C4DF5-7197-4207-93C0-82A718159870}.Debug|Win32.ActiveCfg = Debug|Win32
		{C16C4DF5-7197-4207-93C0-82A718159870}.Debug|Win32.Build.0 = Debug|Win32
		{C16C4DF5-7197-4207-93C0-82A718159870}.Debug|x64.ActiveCfg = Debug|x64
		{C16C4DF5-7197-4207-93C0-82A718159870}.Debug|x64.Build.0 = Debug|x64
		{C16C4DF5-7197-4207-93C0-82A718159870}.Evaluation|Win32.ActiveCfg = Release|Win32
		{C16C4DF5-7197-4207-93C0-82A718159870}.Evaluation|Win32.Build.0 = Release|Win32
		{C16C4DF5-7197-4207-93C0-82A718159870}.Evaluation|x64.ActiveCfg = Release|x64
		{C16C4DF5-7197-4207-93C0-82A718159870}.Evaluation|x64.Build.0 = Release|x64
		{C16C4DF5-7197-4207-93C0-82A718159870}.Non-LCD Pads Release|Win32.ActiveCfg = Release|Win32
		{C16C4DF5-7197-4207-93C0-82A718159870}.Non-LCD Pads Release|Win32.Build.0 = Release|Win32
		{C16C4DF5-7197-4207-93C0-82A718159870}.Non-LCD Pads Release|x64.ActiveCfg = Release|x64
		{C16C4DF5-7197-4207-93C0-82A718159870}.Non-LCD Pads Release|x64.Build.0 = Release|x64
		{C16C4DF5-7197-4207-93C0-82A718159870}.Release|Win32.ActiveCfg = Release|Win32
		{C16C4DF5-7197-4207-93C0-82A718159870}.Release|Win32.Build.0 = Release|Win32
		{C16C4DF5-7197-4207-93C0-82A718159870}.Release|x64.ActiveCfg = Release|x64
		{C16C4DF5-7197-4207-93C0-82A718159870}.Release|x64.Build.0 = Release|x64
		{9FF4888E-978D-4368-A363-CF121A6521E0}.Debug|Win32.ActiveCfg = Debug|Win32
		{9FF4888E-978D-4368-A363-CF121A6521E0}.Debug|Win32.Build.0 = Debug|Win32
		{9FF4888E-978D-4368-A363-CF121A6521E0}.Debug|x64.ActiveCfg = Debug|x64
		{9FF4888E-978D-4368-A363-CF121A6521E0}.Debug|x64.Build.0 = Debug|x64
		{9FF4888E-978D-4368-A363-CF121A6521E0}.Evaluation|Win32.ActiveCfg = Release|Win32
		{9FF4888E-978D-4368-A363-CF121A6521E0}.Evaluation|Win32.Build.0 = Release|Win32
		{9FF4888E-978D-4368-A363-CF121A6521E0}.Evaluation|x64.ActiveCfg = Release|x64
		{9FF4888E-978D-4368-A363-CF121A6521E0}.Evaluation|x64.Build.0 = Release|x64
		{9FF4888E-978D-4368-A363-CF121A6521E0}.Non-LCD Pads Release|Win32.ActiveCfg = Release|Win32
		{9FF4888E-978D-4368-A363-CF121A6521E0}.Non-LCD Pads Release|Win32.Build.0 = Release|Win32
		{9FF4888E-978D-4368-A363-CF121A6521E0}.Non-LCD Pads Release|x64.ActiveCfg = Release|x64
		{9FF4888E-978D-4368-A363-CF121A6521E0}.Non-LCD Pads Release|x64.Build.0 = Release|x64
		{9FF4888E-978D-4368-A363-CF121A6521E0}.Release|Win32.ActiveCfg = Release|Win32
		{9FF4888E-978D-4368-A363-CF121A6521E0}.Release|Win32.Build.0 = Release|Win32
		{9FF4888E-978D-4368-A363-CF121A6521E0}.Release|x64.ActiveCfg = Release|x64
		{9FF4888E-978D-4368-A363-CF121A6521E0}.Release|x64.Build.0 = Release|x64
		{9278A3C5-0EA1-4D00-94DF-B22258CA07FE}.Debug|Win32.ActiveCfg = Debug|Win32
		{9278A3C5-0EA1-4D00-94DF-B22258CA07FE}.Debug|Win32.Build.0 = Debug|Win32
		{9278A3C5-0EA1-4D00-94DF-B22258CA07FE}.Debug|x64.ActiveCfg = Debug|x64
		{9278A3C5-0EA1-4D00-94DF-B22258CA07FE}.Debug|x64.Build.0 = Debug|x64
		{9278A3C5-0EA1-4D00-94DF-B22258CA07FE}.Evaluation|Win32.ActiveCfg = Release|Win32
		{9278A3C5-0EA1-4D00-94DF-B22258CA07FE}.Evaluation|Win32.Build.0 = Release|Win32
		{9278A3C5-0EA1-4D00-94DF-B22258CA07FE}.Evaluation|x64.ActiveCfg = Release|x64
		{9278A3C5-0EA1-4D00-94DF-B22258CA07FE}.Evaluation|x64.Build.0 = Release|x64
		{9278A3C5-0EA1-4D00-94DF-B22258CA07FE}.Non-LCD Pads Release|Win32.ActiveCfg = Release|Win32
		{9278A3C5-0EA1-4D00-94DF-B22258CA07FE}.Non-LCD Pads Release|Win32.Build.0 = Release|Win32
		{9278A3C5-0EA1-4D00-94DF-B22258CA07FE}.Non-LCD Pads Release|x64.ActiveCfg = Release|x64
		{9278A3C5-0EA1-4D00-94DF-B22258CA07FE}.Non-LCD Pads Release|x64.Build.0 = Release|x64
		{9278A3C5-0EA1-4D00-94DF-B22258CA07FE}.Release|Win32.ActiveCfg = Release|Win32
		{9278A3C5-0EA1-4D00-94DF-B22258CA07FE}.Release|Win32.Build.0 = Release|Win32
		{9278A3C5-0EA1-4D00-94DF-B22258CA07FE}.Release|x64.ActiveCfg = Release|x64
		{9278A3C5-0EA1-4D00-94DF-B22258CA07FE}.Release|x64.Build.0 = Release|x64
		{1A851C53-B4D8-4B7C-B9C0-3D299A832FA0}.Debug|Win32.ActiveCfg = Debug|Win32
		{1A851C53-B4D8-4B7C-B9C0-3D299A832FA0}.Debug|Win32.Build.0 = Debug|Win32
		{1A851C53-B4D8-4B7C-B9C0-3D299A832FA0}.Debug|x64.ActiveCfg = Debug|x64
		{1A851C53-B4D8-4B7C-B9C0-3D299A832FA0}.Debug|x64.Build.0 = Debug|x64
		{1A851C53-B4D8-4B7C-B9C0-3D299A832FA0}.Evaluation|Win32.ActiveCfg = Release|Win32
		{1A851C53-B4D8-4B7C-B9C0-3D299A832FA0}.Evaluation|Win32.Build.0 = Release|Win32
		{1A851C53-B4D8-4B7C-B9C0-3D299A832FA0}.Evaluation|x64.ActiveCfg = Release|x64
		{1A851C53-B4D8-4B7C-B9C0-3D299A832FA0}.Evaluation|x64.Build.0 = Release|x64
		{1A851C53-B4D8-4B7C-B9C0-3D299A832FA0}.Non-LCD Pads Release|Win32.ActiveCfg = Release|Win32
		{1A851C53-B4D8-4B7C-B9C0-3D299A832FA0}.Non-LCD Pads Release|Win32.Build.0 = Release|Win32
		{1A851C53-B4D8-4B7C-B9C0-3D299A832FA0}.Non-LCD Pads Release|x64.ActiveCfg = Release|x64
		{1A851C53-B4D8-4B7C-B9C0-3D299A832FA0}.Non-LCD Pads Release|x64.Build.0 = Release|x64
		{1A851C53-B4D8-4B7C-B9C0-3D299A832FA0}.Release|Win32.ActiveCfg = Release|Win32
		{1A851C53-B4D8-4B7C-B9C0-3D299A832FA0}.Release|Win32.Build.0 = Release|Win32
		{1A851C53-B4D8-4B7C-B9C0-3D299A832FA0}.Release|x64.ActiveCfg = Release|x64
		{1A851C53-B4D8-4B7C-B9C0-3D299A832FA0}.Release|x64.Build.0 = Release|x64
		{BF309E97-4AF6-4987-B4F1-03677FE872E3}.Debug|Win32.ActiveCfg = Debug|Win32
		{BF309E97-4AF6-4987-B4F1-03677FE872E3}.Debug|Win32.Build.0 = Debug|Win32
		{BF309E97-4AF6-4987-B4F1-03677FE872E3}.Debug|x64.ActiveCfg = Debug|x64
		{BF309E97-4AF6-4987-B4F1-03677FE872E3}.Debug|x64.Build.0 = Debug|x64
		{BF309E97-4AF6-4987-B4F1-03677FE872E3}.Evaluation|Win32.ActiveCfg = Release|Win32
		{BF309E97-4AF6-4987-B4F1-03677FE872E3}.Evaluation|Win32.Build.0 = Release|Win32
		{BF309E97-4AF6-4987-B4F1-03677FE872E3}.Evaluation|x64.ActiveCfg = Release|x64
		{BF309E97-4AF6-4987-B4F1-03677FE872E3}.Evaluation|x64.Build.0 = Release|x64
		{BF309E97-4AF6-4987-B4F1-03677FE872E3}.Non-LCD Pads Release|Win32.ActiveCfg = Release|Win32
		{BF309E97-4AF6-4987-B4F1-03677FE872E3}.Non-LCD Pads Release|Win32.Build.0 = Release|Win32
		{BF309E97-4AF6-4987-B4F1-03677FE872E3}.Non-LCD Pads Release|x64.ActiveCfg = Release|x64
		{BF309E97-4AF6-4987-B4F1-03677FE872E3}.Non-LCD Pads Release|x64.Build.0 = Release|x64
		{BF309E97-4AF6-4987-B4F1-03677FE872E3}.Release|Win32.ActiveCfg = Release|Win32
		{BF309E97-4AF6-4987-B4F1-03677FE872E3}.Release|Win32.Build.0 = Release|Win32
		{BF309E97-4AF6-4987-B4F1-03677FE872E3}.Release|x64.ActiveCfg = Release|x64
		{BF309E97-4AF6-4987-B4F1-03677FE872E3}.Release|x64.Build.0 = Release|x64
		{21125DA6-FAFC-48F8-8BA5-54B4A58AFDB5}.Debug|Win32.ActiveCfg = Debug|Win32
		{21125DA6-FAFC-48F8-8BA5-54B4A58AFDB5}.Debug|Win32.Build.0 = Debug|Win32
		{21125DA6-FAFC-48F8-8BA5-54B4A58AFDB5}.Debug|x64.ActiveCfg = Debug|x64
		{21125DA6-FAFC-48F8-8BA5-54B4A58AFDB5}.Debug|x64.Build.0 = Debug|x64
		{21125DA6-FAFC-48F8-8BA5-54B4A58AFDB5}.Evaluation|Win32.ActiveCfg = Release|Win32
		{21125DA6-FAFC-48F8-8BA5-54B4A58AFDB5}.Evaluation|Win32.Build.0 = Release|Win32
		{21125DA6-FAFC-48F8-8BA5-54B4A58AFDB5}.Evaluation|x64.ActiveCfg = Release|x64
		{21125DA6-FAFC-48F8-8BA5-54B4A58AFDB5}.Evaluation|x64.Build.0 = Release|x64
		{21125DA6-FAFC-48F8-8BA5-54B4A58AFDB5}.Non-LCD Pads Release|Win32.ActiveCfg = Release|Win32
		{21125DA6-FAFC-48F8-8BA5-54B4A58AFDB5}.Non-LCD Pads Release|Win32.Build.0 = Release|Win32
		{21125DA6-FAFC-48F8-8BA5-54B4A58AFDB5}.Non-LCD Pads Release|x64.ActiveCfg = Release|x64
		{21125DA6-FAFC-48F8-8BA5-54B4A58AFDB5}.Non-LCD Pads Release|x64.Build.0 = Release|x64
		{21125DA6-FAFC-48F8-8BA5-54B4A58AFDB5}.Release|Win32.ActiveCfg = Release|Win32
		{21125DA6-FAFC-48F8-8BA5-54B4A58AFDB5}.Release|Win32.Build.0 = Release|Win32
		{21125DA6-FAFC-48F8-8BA5-54B4A58AFDB5}.Release|x64.ActiveCfg = Release|x64
		{21125DA6-FAFC-48F8-8BA5-54B4A58AFDB5}.Release|x64.Build.0 = Release|x64
		{5B1E25BB-633C-4E17-A327-25583B646B4F}.Debug|Win32.ActiveCfg = Debug|Win32
		{5B1E25BB-633C-4E17-A327-25583B646B4F}.Debug|Win32.Build.0 = Debug|Win32
		{5B1E25BB-633C-4E17-A327-25583B646B4F}.Debug|x64.ActiveCfg = Debug|x64
		{5B1E25BB-633C-4E17-A327-25583B646B4F}.Debug|x64.Build.0 = Debug|x64
		{5B1E25BB-633C-4E17-A327-25583B646B4F}.Evaluation|Win32.ActiveCfg = Release|Win32
		{5B1E25BB-633C-4E17-A327-25583B646B4F}.Evaluation|Win32.Build.0 = Release|Win32
		{5B1E25BB-633C-4E17-A327-25583B646B4F}.Evaluation|x64.ActiveCfg = Release|x64
		{5B1E25BB-633C-4E17-A327-25583B646B4F}.Evaluation|x64.Build.0 = Release|x64
		{5B1E25BB-633C-4E17-A327-25583B646B4F}.Non-LCD Pads Release|Win32.ActiveCfg = Release|Win32
		{5B1E25BB-633C-4E17-A327-25583B646B4F}.Non-LCD Pads Release|Win32.Build.0 = Release|Win32
		{5B1E25BB-633C-4E17-A327-25583B646B4F}.Non-LCD Pads Release|x64.ActiveCfg = Release|x64
		{5B1E25BB-633C-4E17-A327-25583B646B4F}.Non-LCD Pads Release|x64.Build.0 = Release|x64
		{5B1E25BB-633C-4E17-A327-25583B646B4F}.Release|Win32.ActiveCfg = Release|Win32
		{5B1E25BB-633C-4E17-A327-25583B646B4F}.Release|Win32.Build.0 = Release|Win32
		{5B1E25BB-633C-4E17-A327-25583B646B4F}.Release|x64.ActiveCfg = Release|x64
		{5B1E25BB-633C-4E17-A327-25583B646B4F}.Release|x64.Build.0 = Release|x64
		{C8174451-4125-4A8E-AC5D-E336FD40BD42}.Debug|Win32.ActiveCfg = Debug|Win32
		{C8174451-4125-4A8E-AC5D-E336FD40BD42}.Debug|Win32.Build.0 = Debug|Win32
		{C8174451-4125-4A8E-AC5D-E336FD40BD42}.Debug|x64.ActiveCfg = Debug|x64
		{C8174451-4125-4A8E-AC5D-E336FD40BD42}.Debug|x64.Build.0 = Debug|x64
		{C8174451-4125-4A8E-AC5D-E336FD40BD42}.Evaluation|Win32.ActiveCfg = Release|Win32
		{C8174451-4125-4A8E-AC5D-E336FD40BD42}.Evaluation|Win32.Build.0 = Release|Win32
		{C8174451-4125-4A8E-AC5D-E336FD40BD42}.Evaluation|x64.ActiveCfg = Release|x64
		{C8174451-4125-4A8E-AC5D-E336FD40BD42}.Evaluation|x64.Build.0 = Release|x64
		{C8174451-4125-4A8E-AC5D-E336FD40BD42}.Non-LCD Pads Release|Win32.ActiveCfg = Release|Win32
		{C8174451-4125-4A8E-AC5D-E336FD40BD42}.Non-LCD Pads Release|Win32.Build.0 = Release|Win32
		{C8174451-4125-4A8E-AC5D-E336FD40BD42}.Non-LCD Pads Release|x64.ActiveCfg = Release|x64
		{C8174451-4125-4A8E-AC5D-E336FD40BD42}.Non-LCD Pads Release|x64.Build.0 = Release|x64
		{C8174451-4125-4A8E-AC5D-E336FD40BD42}.Release|Win32.ActiveCfg = Release|Win32
		{C8174451-4125-4A8E-AC5D-E336FD40BD42}.Release|Win32.Build.0 = Release|Win32
		{C8174451-4125-4A8E-AC5D-E336FD40BD42}.Release|x64.ActiveCfg = Release|x64
		{C8174451-4125-4A8E-AC5D-E336FD40BD42}.Release|x64.Build.0 = Release|x64
	EndGlobalSection
	GlobalSection(SolutionProperties) = preSolution
		HideSolutionNode = FALSE
	EndGlobalSection
EndGlobal
