<?xml version="1.0" encoding="utf-8"?>
<Project ToolsVersion="4.0" xmlns="http://schemas.microsoft.com/developer/msbuild/2003">
  <ItemGroup>
    <Filter Include="Source Files">
      <UniqueIdentifier>{bb6224ff-d81a-40d5-88f3-bb77cfba3eae}</UniqueIdentifier>
      <Extensions>cpp;c;cxx;rc;def;r;odl;idl;hpj;bat</Extensions>
    </Filter>
    <Filter Include="Source Files\COM Implementation">
      <UniqueIdentifier>{b87e5eb5-9c26-4f2b-abf3-10d86ef727cd}</UniqueIdentifier>
    </Filter>
    <Filter Include="Source Files\COM Interfaces">
      <UniqueIdentifier>{1dc5ca6e-afa8-4136-aa33-07d3dc10575e}</UniqueIdentifier>
    </Filter>
    <Filter Include="Source Files\Template Document">
      <UniqueIdentifier>{0c63a4ee-8394-4c4a-96a6-39389041dbbc}</UniqueIdentifier>
    </Filter>
    <Filter Include="Source Files\Template Document\Control Hosting">
      <UniqueIdentifier>{f957a958-7cfe-466b-acaf-e824ed11cfc7}</UniqueIdentifier>
    </Filter>
    <Filter Include="Header Files">
      <UniqueIdentifier>{568f7714-ba49-4a53-ab95-9acf2f51f2c1}</UniqueIdentifier>
      <Extensions>h;hpp;hxx;hm;inl</Extensions>
    </Filter>
    <Filter Include="Resource Files">
      <UniqueIdentifier>{9f80bc8d-b60d-49c0-97f4-7d4eb65341d7}</UniqueIdentifier>
      <Extensions>ico;cur;bmp;dlg;rc2;rct;bin;rgs;gif;jpg;jpeg;jpe</Extensions>
    </Filter>
  </ItemGroup>
  <ItemGroup>
    <ClCompile Include="drawSignatures.cpp">
      <Filter>Source Files</Filter>
    </ClCompile>
    <ClCompile Include="editHandler.cpp">
      <Filter>Source Files</Filter>
    </ClCompile>
    <ClCompile Include="EnhancedReplicator.cpp">
      <Filter>Source Files</Filter>
    </ClCompile>
    <ClCompile Include="propertiesHandler.cpp">
      <Filter>Source Files</Filter>
    </ClCompile>
    <ClCompile Include="dllMain.cpp">
      <Filter>Source Files\COM Implementation</Filter>
    </ClCompile>
    <ClCompile Include="ICursiVisionBackEnd.cpp">
      <Filter>Source Files\COM Interfaces</Filter>
    </ClCompile>
    <ClCompile Include="IPropertiesClient.cpp">
      <Filter>Source Files\COM Interfaces</Filter>
    </ClCompile>
    <ClCompile Include="IPropertyPageClient.cpp">
      <Filter>Source Files\COM Interfaces</Filter>
    </ClCompile>
    <ClCompile Include="IUnknown.cpp">
      <Filter>Source Files\COM Interfaces</Filter>
    </ClCompile>
    <ClCompile Include="..\..\Common\source\tdDWebBrowserEvents.cpp">
      <Filter>Source Files\Template Document</Filter>
    </ClCompile>
    <ClCompile Include="..\..\Common\source\tdIConnectionPointContainer.cpp">
      <Filter>Source Files\Template Document</Filter>
    </ClCompile>
    <ClCompile Include="..\..\Common\source\tdIEnumConnectionPoints.cpp">
      <Filter>Source Files\Template Document</Filter>
    </ClCompile>
    <ClCompile Include="..\..\Common\source\templateDocument.cpp">
      <Filter>Source Files\Template Document</Filter>
    </ClCompile>
    <ClCompile Include="..\..\Common\source\templateDocument_UI.cpp">
      <Filter>Source Files\Template Document</Filter>
    </ClCompile>
    <ClCompile Include="..\..\Common\source\utilities.cpp">
      <Filter>Source Files\Template Document</Filter>
    </ClCompile>
    <ClCompile Include="..\..\Common\source\tdIOleClientSite.cpp">
      <Filter>Source Files\Template Document\Control Hosting</Filter>
    </ClCompile>
    <ClCompile Include="..\..\Common\source\tdIOleDocumentSite.cpp">
      <Filter>Source Files\Template Document\Control Hosting</Filter>
    </ClCompile>
    <ClCompile Include="..\..\Common\source\tdIOleInPlaceFrame.cpp">
      <Filter>Source Files\Template Document\Control Hosting</Filter>
    </ClCompile>
    <ClCompile Include="..\..\Common\source\tdIOleInPlaceSite.cpp">
      <Filter>Source Files\Template Document\Control Hosting</Filter>
    </ClCompile>
    <ClCompile Include="..\..\Common\source\tdIUnknown.cpp">
      <Filter>Source Files\Template Document\Control Hosting</Filter>
    </ClCompile>
  </ItemGroup>
  <ItemGroup>
    <None Include="EnhancedReplicator.def">
      <Filter>Source Files</Filter>
    </None>
  </ItemGroup>
  <ItemGroup>
    <ClInclude Include="EnhancedReplicator.h">
      <Filter>Header Files</Filter>
    </ClInclude>
    <ClInclude Include="resource.h">
      <Filter>Header Files</Filter>
    </ClInclude>
    <ClInclude Include="..\..\Common\include\templateDocument.h">
      <Filter>Header Files</Filter>
    </ClInclude>
  </ItemGroup>
  <ItemGroup>
    <ResourceCompile Include="EnhancedReplicator.rc">
      <Filter>Resource Files</Filter>
    </ResourceCompile>
  </ItemGroup>
  <ItemGroup>
    <Midl Include="Replicator.odl">
      <Filter>Source Files\COM Implementation</Filter>
    </Midl>
  </ItemGroup>
</Project>