<?xml version="1.0" encoding="utf-8"?>
<Project ToolsVersion="4.0" xmlns="http://schemas.microsoft.com/developer/msbuild/2003">
  <ItemGroup>
    <Filter Include="Source Files">
      <UniqueIdentifier>{8e68b8d0-61b7-44b6-8c32-691e9c69a3d5}</UniqueIdentifier>
      <Extensions>cpp;c;cxx;rc;def;r;odl;idl;hpj;bat</Extensions>
    </Filter>
    <Filter Include="Source Files\COM Implementation">
      <UniqueIdentifier>{1d460e57-8147-445d-99e9-3079114c0a67}</UniqueIdentifier>
    </Filter>
    <Filter Include="Source Files\COM Interfaces">
      <UniqueIdentifier>{4392b7ce-667b-4605-aafa-bbca527f9130}</UniqueIdentifier>
    </Filter>
    <Filter Include="Header Files">
      <UniqueIdentifier>{d499fae7-fd97-48bc-a055-e8a2e898d81d}</UniqueIdentifier>
      <Extensions>h;hpp;hxx;hm;inl</Extensions>
    </Filter>
    <Filter Include="Resource Files">
      <UniqueIdentifier>{d484759d-01c5-496b-ae93-a6fc1236d3f9}</UniqueIdentifier>
      <Extensions>ico;cur;bmp;dlg;rc2;rct;bin;rgs;gif;jpg;jpeg;jpe</Extensions>
    </Filter>
  </ItemGroup>
  <ItemGroup>
    <ClCompile Include="additionalSaveOptionsHandler.cpp">
      <Filter>Source Files</Filter>
    </ClCompile>
    <ClCompile Include="ImagingBackEnd.cpp">
      <Filter>Source Files</Filter>
    </ClCompile>
    <ClCompile Include="WIAScannerPropertiesHandler.cpp">
      <Filter>Source Files</Filter>
    </ClCompile>
    <ClCompile Include="dllMain.cpp">
      <Filter>Source Files\COM Implementation</Filter>
    </ClCompile>
    <ClCompile Include="ICursiVisionBackEnd.cpp">
      <Filter>Source Files\COM Interfaces</Filter>
    </ClCompile>
    <ClCompile Include="IPropertiesClient.cpp">
      <Filter>Source Files\COM Interfaces</Filter>
    </ClCompile>
    <ClCompile Include="IPropertyPageClient.cpp">
      <Filter>Source Files\COM Interfaces</Filter>
    </ClCompile>
    <ClCompile Include="IUnknown.cpp">
      <Filter>Source Files\COM Interfaces</Filter>
    </ClCompile>
    <ClCompile Include="IWiaTransferCallback.cpp">
      <Filter>Source Files\COM Interfaces</Filter>
    </ClCompile>
    <ClCompile Include="$(GSYSTEM_HOME)\Common\source\resultdisposition.cpp">
      <Filter>Source Files</Filter>
    </ClCompile>
    <ClCompile Include="$(GSYSTEM_HOME)\Common\source\utilities.cpp">
      <Filter>Source Files</Filter>
    </ClCompile>
  </ItemGroup>
  <ItemGroup>
    <None Include="ImagingBackEnd.def">
      <Filter>Source Files</Filter>
    </None>
  </ItemGroup>
  <ItemGroup>
    <ClInclude Include="ImagingBackEnd.h">
      <Filter>Header Files</Filter>
    </ClInclude>
  </ItemGroup>
  <ItemGroup>
    <ResourceCompile Include="WIAScannerImagingBackEnd.rc">
      <Filter>Resource Files</Filter>
    </ResourceCompile>
  </ItemGroup>
  <ItemGroup>
    <Midl Include="ImagingBackEnd.odl">
      <Filter>Source Files\COM Implementation</Filter>
    </Midl>
  </ItemGroup>
</Project>