<?xml version="1.0" encoding="utf-8"?>
<Project ToolsVersion="4.0" xmlns="http://schemas.microsoft.com/developer/msbuild/2003">
  <ItemGroup>
    <Filter Include="Source Files">
      <UniqueIdentifier>{fb323f62-f284-420c-93e9-5de7a87977b5}</UniqueIdentifier>
      <Extensions>cpp;c;cxx;rc;def;r;odl;idl;hpj;bat</Extensions>
    </Filter>
    <Filter Include="Source Files\COM Implementation">
      <UniqueIdentifier>{5abe1794-eaea-4320-9a84-2f5f267b6ef4}</UniqueIdentifier>
    </Filter>
    <Filter Include="Source Files\COM Interfaces">
      <UniqueIdentifier>{b08154be-dc00-40ac-b9c9-dd1992a29eaf}</UniqueIdentifier>
    </Filter>
    <Filter Include="Header Files">
      <UniqueIdentifier>{9c545124-59f9-4eb7-900a-930c55e5c4b0}</UniqueIdentifier>
      <Extensions>h;hpp;hxx;hm;inl</Extensions>
    </Filter>
    <Filter Include="Resource Files">
      <UniqueIdentifier>{130fcf97-5fcf-46d1-afd7-6d2bea906e72}</UniqueIdentifier>
      <Extensions>ico;cur;bmp;dlg;rc2;rct;bin;rgs;gif;jpg;jpeg;jpe</Extensions>
    </Filter>
  </ItemGroup>
  <ItemGroup>
    <ClCompile Include="loadExcelSpreadsheet.cpp">
      <Filter>Source Files</Filter>
    </ClCompile>
    <ClCompile Include="propertiesHandler.cpp">
      <Filter>Source Files</Filter>
    </ClCompile>
    <ClCompile Include="..\..\Common\source\resultdisposition.cpp">
      <Filter>Source Files</Filter>
    </ClCompile>
    <ClCompile Include="SpreadsheetBackEnd.cpp">
      <Filter>Source Files</Filter>
    </ClCompile>
    <ClCompile Include="dllMain.cpp">
      <Filter>Source Files\COM Implementation</Filter>
    </ClCompile>
    <ClCompile Include="ICursiVisionBackEnd.cpp">
      <Filter>Source Files\COM Interfaces</Filter>
    </ClCompile>
    <ClCompile Include="IPropertiesClient.cpp">
      <Filter>Source Files\COM Interfaces</Filter>
    </ClCompile>
    <ClCompile Include="IPropertyPageClient.cpp">
      <Filter>Source Files\COM Interfaces</Filter>
    </ClCompile>
    <ClCompile Include="IUnknown.cpp">
      <Filter>Source Files\COM Interfaces</Filter>
    </ClCompile>
  </ItemGroup>
  <ItemGroup>
    <None Include="SpreadsheetBackEnd.def">
      <Filter>Source Files</Filter>
    </None>
  </ItemGroup>
  <ItemGroup>
    <Midl Include="SpreadsheetBackEnd.odl">
      <Filter>Source Files\COM Implementation</Filter>
    </Midl>
  </ItemGroup>
  <ItemGroup>
    <ClInclude Include="resource.h">
      <Filter>Header Files</Filter>
    </ClInclude>
    <ClInclude Include="SpreadsheetBackEnd.h">
      <Filter>Header Files</Filter>
    </ClInclude>
  </ItemGroup>
  <ItemGroup>
    <ResourceCompile Include="SpreadsheetBackEnd.rc">
      <Filter>Resource Files</Filter>
    </ResourceCompile>
  </ItemGroup>
</Project>